
Microsoft Visual Studio Solution File, Format Version 12.00
# Visual Studio Version 16
VisualStudioVersion = 16.0.31515.178
MinimumVisualStudioVersion = 10.0.40219.1
Project("{FAE04EC0-301F-11D3-BF4B-00C04F79EFBC}") = "Assignment 4", "Assignment 4\Assignment 4.csproj", "{4364D2D3-DD47-4EA0-AE1E-F5D21813E288}"
EndProject
Global
	GlobalSection(SolutionConfigurationPlatforms) = preSolution
		Debug|Any CPU = Debug|Any CPU
		Release|Any CPU = Release|Any CPU
	EndGlobalSection
	GlobalSection(ProjectConfigurationPlatforms) = postSolution
		{4364D2D3-DD47-4EA0-AE1E-F5D21813E288}.Debug|Any CPU.ActiveCfg = Debug|Any CPU
		{4364D2D3-DD47-4EA0-AE1E-F5D21813E288}.Debug|Any CPU.Build.0 = Debug|Any CPU
		{4364D2D3-DD47-4EA0-AE1E-F5D21813E288}.Release|Any CPU.ActiveCfg = Release|Any CPU
		{4364D2D3-DD47-4EA0-AE1E-F5D21813E288}.Release|Any CPU.Build.0 = Release|Any CPU
	EndGlobalSection
	GlobalSection(SolutionProperties) = preSolution
		HideSolutionNode = FALSE
	EndGlobalSection
	GlobalSection(ExtensibilityGlobals) = postSolution
		SolutionGuid = {E2F81A49-4BD9-4D84-80C6-9E94F2D4DAC5}
	EndGlobalSection
EndGlobal
